
Microsoft Visual Studio Solution File, Format Version 12.00
# Visual Studio Version 17
VisualStudioVersion = 17.1.32421.90
MinimumVisualStudioVersion = 10.0.40219.1
Project("{FAE04EC0-301F-11D3-BF4B-00C04F79EFBC}") = "Yard Greening", "Yard Greening\Yard Greening.csproj", "{BF38C012-BF0E-4534-9BFF-6A79F47053E5}"
EndProject
Global
	GlobalSection(SolutionConfigurationPlatforms) = preSolution
		Debug|Any CPU = Debug|Any CPU
		Release|Any CPU = Release|Any CPU
	EndGlobalSection
	GlobalSection(ProjectConfigurationPlatforms) = postSolution
		{BF38C012-BF0E-4534-9BFF-6A79F47053E5}.Debug|Any CPU.ActiveCfg = Debug|Any CPU
		{BF38C012-BF0E-4534-9BFF-6A79F47053E5}.Debug|Any CPU.Build.0 = Debug|Any CPU
		{BF38C012-BF0E-4534-9BFF-6A79F47053E5}.Release|Any CPU.ActiveCfg = Release|Any CPU
		{BF38C012-BF0E-4534-9BFF-6A79F47053E5}.Release|Any CPU.Build.0 = Release|Any CPU
	EndGlobalSection
	GlobalSection(SolutionProperties) = preSolution
		HideSolutionNode = FALSE
	EndGlobalSection
	GlobalSection(ExtensibilityGlobals) = postSolution
		SolutionGuid = {26D230B3-74B5-4EF1-8667-4BE2B416C388}
	EndGlobalSection
EndGlobal
