
Microsoft Visual Studio Solution File, Format Version 12.00
# Visual Studio Version 17
VisualStudioVersion = 17.1.32421.90
MinimumVisualStudioVersion = 10.0.40219.1
Project("{FAE04EC0-301F-11D3-BF4B-00C04F79EFBC}") = "ConcatenateData", "ConcatenateData\ConcatenateData.csproj", "{FAE22D16-C181-49AB-841B-020EE1967A20}"
EndProject
Global
	GlobalSection(SolutionConfigurationPlatforms) = preSolution
		Debug|Any CPU = Debug|Any CPU
		Release|Any CPU = Release|Any CPU
	EndGlobalSection
	GlobalSection(ProjectConfigurationPlatforms) = postSolution
		{FAE22D16-C181-49AB-841B-020EE1967A20}.Debug|Any CPU.ActiveCfg = Debug|Any CPU
		{FAE22D16-C181-49AB-841B-020EE1967A20}.Debug|Any CPU.Build.0 = Debug|Any CPU
		{FAE22D16-C181-49AB-841B-020EE1967A20}.Release|Any CPU.ActiveCfg = Release|Any CPU
		{FAE22D16-C181-49AB-841B-020EE1967A20}.Release|Any CPU.Build.0 = Release|Any CPU
	EndGlobalSection
	GlobalSection(SolutionProperties) = preSolution
		HideSolutionNode = FALSE
	EndGlobalSection
	GlobalSection(ExtensibilityGlobals) = postSolution
		SolutionGuid = {22422FEF-51D7-4251-9D27-090F6127BCC5}
	EndGlobalSection
EndGlobal
