
Microsoft Visual Studio Solution File, Format Version 12.00
# Visual Studio Version 17
VisualStudioVersion = 17.1.32421.90
MinimumVisualStudioVersion = 10.0.40219.1
Project("{FAE04EC0-301F-11D3-BF4B-00C04F79EFBC}") = "lesson 2", "lesson 2\lesson 2.csproj", "{C66BC665-36BD-48BC-8FAD-D7A06ED959F7}"
EndProject
Project("{FAE04EC0-301F-11D3-BF4B-00C04F79EFBC}") = "RadiansToDegrees", "RadiansToDegrees\RadiansToDegrees.csproj", "{D9E41EFC-D477-4EA7-9BFD-3EBF013AB115}"
EndProject
Project("{FAE04EC0-301F-11D3-BF4B-00C04F79EFBC}") = "DepositCalculator", "DepositCalculator\DepositCalculator.csproj", "{C8F4AC57-7D92-4A13-A0E8-053F9E3BB62C}"
EndProject
Project("{FAE04EC0-301F-11D3-BF4B-00C04F79EFBC}") = "VacationBooksList", "VacationBooksList\VacationBooksList.csproj", "{24096D5E-AAC0-42F9-BDB9-CDB8BC1BA972}"
EndProject
Project("{FAE04EC0-301F-11D3-BF4B-00C04F79EFBC}") = "SuppliesForSchool", "SuppliesForSchool\SuppliesForSchool.csproj", "{16EEC6A2-21C3-46ED-A386-BC7A7E0A1D03}"
EndProject
Project("{FAE04EC0-301F-11D3-BF4B-00C04F79EFBC}") = "Repainting", "Repainting\Repainting.csproj", "{B4E30ACA-0624-4176-ACBE-31C3DA90B6DB}"
EndProject
Project("{FAE04EC0-301F-11D3-BF4B-00C04F79EFBC}") = "FoodDelivery", "FoodDelivery\FoodDelivery.csproj", "{19BF43B2-1A0C-4ABB-A8F4-AD133E4D8FE3}"
EndProject
Project("{FAE04EC0-301F-11D3-BF4B-00C04F79EFBC}") = "BasketballEquipment", "BasketballEquipment\BasketballEquipment.csproj", "{3BED6C45-B85F-4B96-AF6B-1B742B15EE0E}"
EndProject
Project("{FAE04EC0-301F-11D3-BF4B-00C04F79EFBC}") = "FishTank", "FishTank\FishTank.csproj", "{AF32EBF1-80E7-4EB7-9210-A4C340C48FFC}"
EndProject
Global
	GlobalSection(SolutionConfigurationPlatforms) = preSolution
		Debug|Any CPU = Debug|Any CPU
		Release|Any CPU = Release|Any CPU
	EndGlobalSection
	GlobalSection(ProjectConfigurationPlatforms) = postSolution
		{C66BC665-36BD-48BC-8FAD-D7A06ED959F7}.Debug|Any CPU.ActiveCfg = Debug|Any CPU
		{C66BC665-36BD-48BC-8FAD-D7A06ED959F7}.Debug|Any CPU.Build.0 = Debug|Any CPU
		{C66BC665-36BD-48BC-8FAD-D7A06ED959F7}.Release|Any CPU.ActiveCfg = Release|Any CPU
		{C66BC665-36BD-48BC-8FAD-D7A06ED959F7}.Release|Any CPU.Build.0 = Release|Any CPU
		{D9E41EFC-D477-4EA7-9BFD-3EBF013AB115}.Debug|Any CPU.ActiveCfg = Debug|Any CPU
		{D9E41EFC-D477-4EA7-9BFD-3EBF013AB115}.Debug|Any CPU.Build.0 = Debug|Any CPU
		{D9E41EFC-D477-4EA7-9BFD-3EBF013AB115}.Release|Any CPU.ActiveCfg = Release|Any CPU
		{D9E41EFC-D477-4EA7-9BFD-3EBF013AB115}.Release|Any CPU.Build.0 = Release|Any CPU
		{C8F4AC57-7D92-4A13-A0E8-053F9E3BB62C}.Debug|Any CPU.ActiveCfg = Debug|Any CPU
		{C8F4AC57-7D92-4A13-A0E8-053F9E3BB62C}.Debug|Any CPU.Build.0 = Debug|Any CPU
		{C8F4AC57-7D92-4A13-A0E8-053F9E3BB62C}.Release|Any CPU.ActiveCfg = Release|Any CPU
		{C8F4AC57-7D92-4A13-A0E8-053F9E3BB62C}.Release|Any CPU.Build.0 = Release|Any CPU
		{24096D5E-AAC0-42F9-BDB9-CDB8BC1BA972}.Debug|Any CPU.ActiveCfg = Debug|Any CPU
		{24096D5E-AAC0-42F9-BDB9-CDB8BC1BA972}.Debug|Any CPU.Build.0 = Debug|Any CPU
		{24096D5E-AAC0-42F9-BDB9-CDB8BC1BA972}.Release|Any CPU.ActiveCfg = Release|Any CPU
		{24096D5E-AAC0-42F9-BDB9-CDB8BC1BA972}.Release|Any CPU.Build.0 = Release|Any CPU
		{16EEC6A2-21C3-46ED-A386-BC7A7E0A1D03}.Debug|Any CPU.ActiveCfg = Debug|Any CPU
		{16EEC6A2-21C3-46ED-A386-BC7A7E0A1D03}.Debug|Any CPU.Build.0 = Debug|Any CPU
		{16EEC6A2-21C3-46ED-A386-BC7A7E0A1D03}.Release|Any CPU.ActiveCfg = Release|Any CPU
		{16EEC6A2-21C3-46ED-A386-BC7A7E0A1D03}.Release|Any CPU.Build.0 = Release|Any CPU
		{B4E30ACA-0624-4176-ACBE-31C3DA90B6DB}.Debug|Any CPU.ActiveCfg = Debug|Any CPU
		{B4E30ACA-0624-4176-ACBE-31C3DA90B6DB}.Debug|Any CPU.Build.0 = Debug|Any CPU
		{B4E30ACA-0624-4176-ACBE-31C3DA90B6DB}.Release|Any CPU.ActiveCfg = Release|Any CPU
		{B4E30ACA-0624-4176-ACBE-31C3DA90B6DB}.Release|Any CPU.Build.0 = Release|Any CPU
		{19BF43B2-1A0C-4ABB-A8F4-AD133E4D8FE3}.Debug|Any CPU.ActiveCfg = Debug|Any CPU
		{19BF43B2-1A0C-4ABB-A8F4-AD133E4D8FE3}.Debug|Any CPU.Build.0 = Debug|Any CPU
		{19BF43B2-1A0C-4ABB-A8F4-AD133E4D8FE3}.Release|Any CPU.ActiveCfg = Release|Any CPU
		{19BF43B2-1A0C-4ABB-A8F4-AD133E4D8FE3}.Release|Any CPU.Build.0 = Release|Any CPU
		{3BED6C45-B85F-4B96-AF6B-1B742B15EE0E}.Debug|Any CPU.ActiveCfg = Debug|Any CPU
		{3BED6C45-B85F-4B96-AF6B-1B742B15EE0E}.Debug|Any CPU.Build.0 = Debug|Any CPU
		{3BED6C45-B85F-4B96-AF6B-1B742B15EE0E}.Release|Any CPU.ActiveCfg = Release|Any CPU
		{3BED6C45-B85F-4B96-AF6B-1B742B15EE0E}.Release|Any CPU.Build.0 = Release|Any CPU
		{AF32EBF1-80E7-4EB7-9210-A4C340C48FFC}.Debug|Any CPU.ActiveCfg = Debug|Any CPU
		{AF32EBF1-80E7-4EB7-9210-A4C340C48FFC}.Debug|Any CPU.Build.0 = Debug|Any CPU
		{AF32EBF1-80E7-4EB7-9210-A4C340C48FFC}.Release|Any CPU.ActiveCfg = Release|Any CPU
		{AF32EBF1-80E7-4EB7-9210-A4C340C48FFC}.Release|Any CPU.Build.0 = Release|Any CPU
	EndGlobalSection
	GlobalSection(SolutionProperties) = preSolution
		HideSolutionNode = FALSE
	EndGlobalSection
	GlobalSection(ExtensibilityGlobals) = postSolution
		SolutionGuid = {D9795EC8-ADAF-4FE9-91BF-46BFAD956BF9}
	EndGlobalSection
EndGlobal
