
Microsoft Visual Studio Solution File, Format Version 12.00
# Visual Studio Version 17
VisualStudioVersion = 17.1.32421.90
MinimumVisualStudioVersion = 10.0.40219.1
Project("{FAE04EC0-301F-11D3-BF4B-00C04F79EFBC}") = "01. Numbers from 1 to 100", "01. Numbers from 1 to 100\01. Numbers from 1 to 100.csproj", "{5E42D33F-37B0-44F5-8514-3E34F3342F4B}"
EndProject
Project("{FAE04EC0-301F-11D3-BF4B-00C04F79EFBC}") = "02.NumbersNTo1", "..\02. Numbers from N to 1\02.NumbersNTo1.csproj", "{7E67E4A0-E631-44CB-A7F5-327A2FF00131}"
EndProject
Project("{FAE04EC0-301F-11D3-BF4B-00C04F79EFBC}") = "03. Numbers1ToNWithStep3", "..\03. Numbers1ToNWithStep3\03. Numbers1ToNWithStep3.csproj", "{C79461CF-36A6-475D-8175-DD559D03942B}"
EndProject
Project("{FAE04EC0-301F-11D3-BF4B-00C04F79EFBC}") = "04. EvenPowersOf2", "..\04. EvenPowersOf2\04. EvenPowersOf2.csproj", "{C08C7F58-335D-44B5-99AB-BF318ADD04A5}"
EndProject
Project("{FAE04EC0-301F-11D3-BF4B-00C04F79EFBC}") = "05. CharacterSequence", "..\05. CharacterSequence\05. CharacterSequence.csproj", "{48E8CC87-4BD8-4986-BC72-EDCB42CCDCE6}"
EndProject
Global
	GlobalSection(SolutionConfigurationPlatforms) = preSolution
		Debug|Any CPU = Debug|Any CPU
		Release|Any CPU = Release|Any CPU
	EndGlobalSection
	GlobalSection(ProjectConfigurationPlatforms) = postSolution
		{5E42D33F-37B0-44F5-8514-3E34F3342F4B}.Debug|Any CPU.ActiveCfg = Debug|Any CPU
		{5E42D33F-37B0-44F5-8514-3E34F3342F4B}.Debug|Any CPU.Build.0 = Debug|Any CPU
		{5E42D33F-37B0-44F5-8514-3E34F3342F4B}.Release|Any CPU.ActiveCfg = Release|Any CPU
		{5E42D33F-37B0-44F5-8514-3E34F3342F4B}.Release|Any CPU.Build.0 = Release|Any CPU
		{7E67E4A0-E631-44CB-A7F5-327A2FF00131}.Debug|Any CPU.ActiveCfg = Debug|Any CPU
		{7E67E4A0-E631-44CB-A7F5-327A2FF00131}.Debug|Any CPU.Build.0 = Debug|Any CPU
		{7E67E4A0-E631-44CB-A7F5-327A2FF00131}.Release|Any CPU.ActiveCfg = Release|Any CPU
		{7E67E4A0-E631-44CB-A7F5-327A2FF00131}.Release|Any CPU.Build.0 = Release|Any CPU
		{C79461CF-36A6-475D-8175-DD559D03942B}.Debug|Any CPU.ActiveCfg = Debug|Any CPU
		{C79461CF-36A6-475D-8175-DD559D03942B}.Debug|Any CPU.Build.0 = Debug|Any CPU
		{C79461CF-36A6-475D-8175-DD559D03942B}.Release|Any CPU.ActiveCfg = Release|Any CPU
		{C79461CF-36A6-475D-8175-DD559D03942B}.Release|Any CPU.Build.0 = Release|Any CPU
		{C08C7F58-335D-44B5-99AB-BF318ADD04A5}.Debug|Any CPU.ActiveCfg = Debug|Any CPU
		{C08C7F58-335D-44B5-99AB-BF318ADD04A5}.Debug|Any CPU.Build.0 = Debug|Any CPU
		{C08C7F58-335D-44B5-99AB-BF318ADD04A5}.Release|Any CPU.ActiveCfg = Release|Any CPU
		{C08C7F58-335D-44B5-99AB-BF318ADD04A5}.Release|Any CPU.Build.0 = Release|Any CPU
		{48E8CC87-4BD8-4986-BC72-EDCB42CCDCE6}.Debug|Any CPU.ActiveCfg = Debug|Any CPU
		{48E8CC87-4BD8-4986-BC72-EDCB42CCDCE6}.Debug|Any CPU.Build.0 = Debug|Any CPU
		{48E8CC87-4BD8-4986-BC72-EDCB42CCDCE6}.Release|Any CPU.ActiveCfg = Release|Any CPU
		{48E8CC87-4BD8-4986-BC72-EDCB42CCDCE6}.Release|Any CPU.Build.0 = Release|Any CPU
	EndGlobalSection
	GlobalSection(SolutionProperties) = preSolution
		HideSolutionNode = FALSE
	EndGlobalSection
	GlobalSection(ExtensibilityGlobals) = postSolution
		SolutionGuid = {7FEF6D64-C854-4B30-963A-D2BEBAF3582B}
	EndGlobalSection
EndGlobal
